PODS:
  - EDToolKit (2.6.2):
    - SDWebImage
  - SDWebImage (4.0.0):
    - SDWebImage/Core (= 4.0.0)
  - SDWebImage/Core (4.0.0)

DEPENDENCIES:
  - EDToolKit (from `../`)

EXTERNAL SOURCES:
  EDToolKit:
    :path: ../

SPEC CHECKSUMS:
  EDToolKit: 3fd1d0a0c6de61460f36ccb101607ed7e08aff8a
  SDWebImage: 76a6348bdc74eb5a55dd08a091ef298e56b55e41

PODFILE CHECKSUM: 616e710a19e98bbe5f334609ba66d9326b5edc23

COCOAPODS: 1.2.1
